// !$*UTF8*$!
{
	archiveVersion = 1;
	classes = {
	};
	objectVersion = 55;
	objects = {

/* Begin PBXBuildFile section */
		E07C7FB728AB8DF3004CB3AA /* AppDelegate.swift in Sources */ = {isa = PBXBuildFile; fileRef = E07C7FB628AB8DF3004CB3AA /* AppDelegate.swift */; };
		E07C7FB928AB8DF3004CB3AA /* SceneDelegate.swift in Sources */ = {isa = PBXBuildFile; fileRef = E07C7FB828AB8DF3004CB3AA /* SceneDelegate.swift */; };
		E07C7FBB28AB8DF3004CB3AA /* ViewController.swift in Sources */ = {isa = PBXBuildFile; fileRef = E07C7FBA28AB8DF3004CB3AA /* ViewController.swift */; };
		E07C7FBE28AB8DF3004CB3AA /* Main.storyboard in Resources */ = {isa = PBXBuildFile; fileRef = E07C7FBC28AB8DF3004CB3AA /* Main.storyboard */; };
		E07C7FC128AB8DF3004CB3AA /* CodeZellApp.xcdatamodeld in Sources */ = {isa = PBXBuildFile; fileRef = E07C7FBF28AB8DF3004CB3AA /* CodeZellApp.xcdatamodeld */; };
		E07C7FC328AB8DF5004CB3AA /* Assets.xcassets in Resources */ = {isa = PBXBuildFile; fileRef = E07C7FC228AB8DF5004CB3AA /* Assets.xcassets */; };
		E07C7FC628AB8DF5004CB3AA /* LaunchScreen.storyboard in Resources */ = {isa = PBXBuildFile; fileRef = E07C7FC428AB8DF5004CB3AA /* LaunchScreen.storyboard */; };
		E07C7FD328AB8E28004CB3AA /* CodeZillaWhite.png in Resources */ = {isa = PBXBuildFile; fileRef = E07C7FCE28AB8E28004CB3AA /* CodeZillaWhite.png */; };
		E07C7FD428AB8E28004CB3AA /* 5lsona.jpeg in Resources */ = {isa = PBXBuildFile; fileRef = E07C7FCF28AB8E28004CB3AA /* 5lsona.jpeg */; };
		E07C7FD528AB8E28004CB3AA /* GoogleService-Info.plist in Resources */ = {isa = PBXBuildFile; fileRef = E07C7FD028AB8E28004CB3AA /* GoogleService-Info.plist */; };
		E07C7FD628AB8E28004CB3AA /* photo-camera.png in Resources */ = {isa = PBXBuildFile; fileRef = E07C7FD128AB8E28004CB3AA /* photo-camera.png */; };
		E07C7FD728AB8E28004CB3AA /* pickerImage.png in Resources */ = {isa = PBXBuildFile; fileRef = E07C7FD228AB8E28004CB3AA /* pickerImage.png */; };
		E07C7FD928AB9696004CB3AA /* FormCell.swift in Sources */ = {isa = PBXBuildFile; fileRef = E07C7FD828AB9696004CB3AA /* FormCell.swift */; };
/* End PBXBuildFile section */

/* Begin PBXFileReference section */
		E07C7FB328AB8DF3004CB3AA /* CodeZellApp.app */ = {isa = PBXFileReference; explicitFileType = wrapper.application; includeInIndex = 0; path = CodeZellApp.app; sourceTree = BUILT_PRODUCTS_DIR; };
		E07C7FB628AB8DF3004CB3AA /* AppDelegate.swift */ = {isa = PBXFileReference; lastKnownFileType = sourcecode.swift; path = AppDelegate.swift; sourceTree = "<group>"; };
		E07C7FB828AB8DF3004CB3AA /* SceneDelegate.swift */ = {isa = PBXFileReference; lastKnownFileType = sourcecode.swift; path = SceneDelegate.swift; sourceTree = "<group>"; };
		E07C7FBA28AB8DF3004CB3AA /* ViewController.swift */ = {isa = PBXFileReference; lastKnownFileType = sourcecode.swift; path = ViewController.swift; sourceTree = "<group>"; };
		E07C7FBD28AB8DF3004CB3AA /* Base */ = {isa = PBXFileReference; lastKnownFileType = file.storyboard; name = Base; path = Base.lproj/Main.storyboard; sourceTree = "<group>"; };
		E07C7FC028AB8DF3004CB3AA /* CodeZellApp.xcdatamodel */ = {isa = PBXFileReference; lastKnownFileType = wrapper.xcdatamodel; path = CodeZellApp.xcdatamodel; sourceTree = "<group>"; };
		E07C7FC228AB8DF5004CB3AA /* Assets.xcassets */ = {isa = PBXFileReference; lastKnownFileType = folder.assetcatalog; path = Assets.xcassets; sourceTree = "<group>"; };
		E07C7FC528AB8DF5004CB3AA /* Base */ = {isa = PBXFileReference; lastKnownFileType = file.storyboard; name = Base; path = Base.lproj/LaunchScreen.storyboard; sourceTree = "<group>"; };
		E07C7FC728AB8DF5004CB3AA /* Info.plist */ = {isa = PBXFileReference; lastKnownFileType = text.plist.xml; path = Info.plist; sourceTree = "<group>"; };
		E07C7FCE28AB8E28004CB3AA /* CodeZillaWhite.png */ = {isa = PBXFileReference; lastKnownFileType = image.png; path = CodeZillaWhite.png; sourceTree = "<group>"; };
		E07C7FCF28AB8E28004CB3AA /* 5lsona.jpeg */ = {isa = PBXFileReference; lastKnownFileType = image.jpeg; path = 5lsona.jpeg; sourceTree = "<group>"; };
		E07C7FD028AB8E28004CB3AA /* GoogleService-Info.plist */ = {isa = PBXFileReference; fileEncoding = 4; lastKnownFileType = text.plist.xml; path = "GoogleService-Info.plist"; sourceTree = "<group>"; };
		E07C7FD128AB8E28004CB3AA /* photo-camera.png */ = {isa = PBXFileReference; lastKnownFileType = image.png; path = "photo-camera.png"; sourceTree = "<group>"; };
		E07C7FD228AB8E28004CB3AA /* pickerImage.png */ = {isa = PBXFileReference; lastKnownFileType = image.png; path = pickerImage.png; sourceTree = "<group>"; };
		E07C7FD828AB9696004CB3AA /* FormCell.swift */ = {isa = PBXFileReference; lastKnownFileType = sourcecode.swift; path = FormCell.swift; sourceTree = "<group>"; };
/* End PBXFileReference section */

/* Begin PBXFrameworksBuildPhase section */
		E07C7FB028AB8DF3004CB3AA /* Frameworks */ = {
			isa = PBXFrameworksBuildPhase;
			buildActionMask = 2147483647;
			files = (
			);
			runOnlyForDeploymentPostprocessing = 0;
		};
/* End PBXFrameworksBuildPhase section */

/* Begin PBXGroup section */
		E07C7FAA28AB8DF3004CB3AA = {
			isa = PBXGroup;
			children = (
				E07C7FB528AB8DF3004CB3AA /* CodeZellApp */,
				E07C7FB428AB8DF3004CB3AA /* Products */,
			);
			sourceTree = "<group>";
		};
		E07C7FB428AB8DF3004CB3AA /* Products */ = {
			isa = PBXGroup;
			children = (
				E07C7FB328AB8DF3004CB3AA /* CodeZellApp.app */,
			);
			name = Products;
			sourceTree = "<group>";
		};
		E07C7FB528AB8DF3004CB3AA /* CodeZellApp */ = {
			isa = PBXGroup;
			children = (
				E07C7FB628AB8DF3004CB3AA /* AppDelegate.swift */,
				E07C7FD828AB9696004CB3AA /* FormCell.swift */,
				E07C7FB828AB8DF3004CB3AA /* SceneDelegate.swift */,
				E07C7FBA28AB8DF3004CB3AA /* ViewController.swift */,
				E07C7FBC28AB8DF3004CB3AA /* Main.storyboard */,
				E07C7FC228AB8DF5004CB3AA /* Assets.xcassets */,
				E07C7FC428AB8DF5004CB3AA /* LaunchScreen.storyboard */,
				E07C7FC728AB8DF5004CB3AA /* Info.plist */,
				E07C7FBF28AB8DF3004CB3AA /* CodeZellApp.xcdatamodeld */,
				E07C7FCD28AB8E28004CB3AA /* Resources */,
			);
			path = CodeZellApp;
			sourceTree = "<group>";
		};
		E07C7FCD28AB8E28004CB3AA /* Resources */ = {
			isa = PBXGroup;
			children = (
				E07C7FCE28AB8E28004CB3AA /* CodeZillaWhite.png */,
				E07C7FCF28AB8E28004CB3AA /* 5lsona.jpeg */,
				E07C7FD028AB8E28004CB3AA /* GoogleService-Info.plist */,
				E07C7FD128AB8E28004CB3AA /* photo-camera.png */,
				E07C7FD228AB8E28004CB3AA /* pickerImage.png */,
			);
			path = Resources;
			sourceTree = "<group>";
		};
/* End PBXGroup section */

/* Begin PBXNativeTarget section */
		E07C7FB228AB8DF3004CB3AA /* CodeZellApp */ = {
			isa = PBXNativeTarget;
			buildConfigurationList = E07C7FCA28AB8DF5004CB3AA /* Build configuration list for PBXNativeTarget "CodeZellApp" */;
			buildPhases = (
				E07C7FAF28AB8DF3004CB3AA /* Sources */,
				E07C7FB028AB8DF3004CB3AA /* Frameworks */,
				E07C7FB128AB8DF3004CB3AA /* Resources */,
			);
			buildRules = (
			);
			dependencies = (
			);
			name = CodeZellApp;
			productName = CodeZellApp;
			productReference = E07C7FB328AB8DF3004CB3AA /* CodeZellApp.app */;
			productType = "com.apple.product-type.application";
		};
/* End PBXNativeTarget section */

/* Begin PBXProject section */
		E07C7FAB28AB8DF3004CB3AA /* Project object */ = {
			isa = PBXProject;
			attributes = {
				BuildIndependentTargetsInParallel = 1;
				LastSwiftUpdateCheck = 1340;
				LastUpgradeCheck = 1340;
				TargetAttributes = {
					E07C7FB228AB8DF3004CB3AA = {
						CreatedOnToolsVersion = 13.4;
					};
				};
			};
			buildConfigurationList = E07C7FAE28AB8DF3004CB3AA /* Build configuration list for PBXProject "CodeZellApp" */;
			compatibilityVersion = "Xcode 13.0";
			developmentRegion = en;
			hasScannedForEncodings = 0;
			knownRegions = (
				en,
				Base,
			);
			mainGroup = E07C7FAA28AB8DF3004CB3AA;
			productRefGroup = E07C7FB428AB8DF3004CB3AA /* Products */;
			projectDirPath = "";
			projectRoot = "";
			targets = (
				E07C7FB228AB8DF3004CB3AA /* CodeZellApp */,
			);
		};
/* End PBXProject section */

/* Begin PBXResourcesBuildPhase section */
		E07C7FB128AB8DF3004CB3AA /* Resources */ = {
			isa = PBXResourcesBuildPhase;
			buildActionMask = 2147483647;
			files = (
				E07C7FC628AB8DF5004CB3AA /* LaunchScreen.storyboard in Resources */,
				E07C7FD328AB8E28004CB3AA /* CodeZillaWhite.png in Resources */,
				E07C7FC328AB8DF5004CB3AA /* Assets.xcassets in Resources */,
				E07C7FD728AB8E28004CB3AA /* pickerImage.png in Resources */,
				E07C7FD428AB8E28004CB3AA /* 5lsona.jpeg in Resources */,
				E07C7FD628AB8E28004CB3AA /* photo-camera.png in Resources */,
				E07C7FBE28AB8DF3004CB3AA /* Main.storyboard in Resources */,
				E07C7FD528AB8E28004CB3AA /* GoogleService-Info.plist in Resources */,
			);
			runOnlyForDeploymentPostprocessing = 0;
		};
/* End PBXResourcesBuildPhase section */

/* Begin PBXSourcesBuildPhase section */
		E07C7FAF28AB8DF3004CB3AA /* Sources */ = {
			isa = PBXSourcesBuildPhase;
			buildActionMask = 2147483647;
			files = (
				E07C7FBB28AB8DF3004CB3AA /* ViewController.swift in Sources */,
				E07C7FB728AB8DF3004CB3AA /* AppDelegate.swift in Sources */,
				E07C7FB928AB8DF3004CB3AA /* SceneDelegate.swift in Sources */,
				E07C7FD928AB9696004CB3AA /* FormCell.swift in Sources */,
				E07C7FC128AB8DF3004CB3AA /* CodeZellApp.xcdatamodeld in Sources */,
			);
			runOnlyForDeploymentPostprocessing = 0;
		};
/* End PBXSourcesBuildPhase section */

/* Begin PBXVariantGroup section */
		E07C7FBC28AB8DF3004CB3AA /* Main.storyboard */ = {
			isa = PBXVariantGroup;
			children = (
				E07C7FBD28AB8DF3004CB3AA /* Base */,
			);
			name = Main.storyboard;
			sourceTree = "<group>";
		};
		E07C7FC428AB8DF5004CB3AA /* LaunchScreen.storyboard */ = {
			isa = PBXVariantGroup;
			children = (
				E07C7FC528AB8DF5004CB3AA /* Base */,
			);
			name = LaunchScreen.storyboard;
			sourceTree = "<group>";
		};
/* End PBXVariantGroup section */

/* Begin XCBuildConfiguration section */
		E07C7FC828AB8DF5004CB3AA /* Debug */ = {
			isa = XCBuildConfiguration;
			buildSettings = {
				ALWAYS_SEARCH_USER_PATHS = NO;
				CLANG_ANALYZER_NONNULL = YES;
				CLANG_ANALYZER_NUMBER_OBJECT_CONVERSION = YES_AGGRESSIVE;
				CLANG_CXX_LANGUAGE_STANDARD = "gnu++17";
				CLANG_ENABLE_MODULES = YES;
				CLANG_ENABLE_OBJC_ARC = YES;
				CLANG_ENABLE_OBJC_WEAK = YES;
				CLANG_WARN_BLOCK_CAPTURE_AUTORELEASING = YES;
				CLANG_WARN_BOOL_CONVERSION = YES;
				CLANG_WARN_COMMA = YES;
				CLANG_WARN_CONSTANT_CONVERSION = YES;
				CLANG_WARN_DEPRECATED_OBJC_IMPLEMENTATIONS = YES;
				CLANG_WARN_DIRECT_OBJC_ISA_USAGE = YES_ERROR;
				CLANG_WARN_DOCUMENTATION_COMMENTS = YES;
				CLANG_WARN_EMPTY_BODY = YES;
				CLANG_WARN_ENUM_CONVERSION = YES;
				CLANG_WARN_INFINITE_RECURSION = YES;
				CLANG_WARN_INT_CONVERSION = YES;
				CLANG_WARN_NON_LITERAL_NULL_CONVERSION = YES;
				CLANG_WARN_OBJC_IMPLICIT_RETAIN_SELF = YES;
				CLANG_WARN_OBJC_LITERAL_CONVERSION = YES;
				CLANG_WARN_OBJC_ROOT_CLASS = YES_ERROR;
				CLANG_WARN_QUOTED_INCLUDE_IN_FRAMEWORK_HEADER = YES;
				CLANG_WARN_RANGE_LOOP_ANALYSIS = YES;
				CLANG_WARN_STRICT_PROTOTYPES = YES;
				CLANG_WARN_SUSPICIOUS_MOVE = YES;
				CLANG_WARN_UNGUARDED_AVAILABILITY = YES_AGGRESSIVE;
				CLANG_WARN_UNREACHABLE_CODE = YES;
				CLANG_WARN__DUPLICATE_METHOD_MATCH = YES;
				COPY_PHASE_STRIP = NO;
				DEBUG_INFORMATION_FORMAT = dwarf;
				ENABLE_STRICT_OBJC_MSGSEND = YES;
				ENABLE_TESTABILITY = YES;
				GCC_C_LANGUAGE_STANDARD = gnu11;
				GCC_DYNAMIC_NO_PIC = NO;
				GCC_NO_COMMON_BLOCKS = YES;
				GCC_OPTIMIZATION_LEVEL = 0;
				GCC_PREPROCESSOR_DEFINITIONS = (
					"DEBUG=1",
					"$(inherited)",
				);
				GCC_WARN_64_TO_32_BIT_CONVERSION = YES;
				GCC_WARN_ABOUT_RETURN_TYPE = YES_ERROR;
				GCC_WARN_UNDECLARED_SELECTOR = YES;
				GCC_WARN_UNINITIALIZED_AUTOS = YES_AGGRESSIVE;
				GCC_WARN_UNUSED_FUNCTION = YES;
				GCC_WARN_UNUSED_VARIABLE = YES;
				IPHONEOS_DEPLOYMENT_TARGET = 15.5;
				MTL_ENABLE_DEBUG_INFO = INCLUDE_SOURCE;
				MTL_FAST_MATH = YES;
				ONLY_ACTIVE_ARCH = YES;
				SDKROOT = iphoneos;
				SWIFT_ACTIVE_COMPILATION_CONDITIONS = DEBUG;
				SWIFT_OPTIMIZATION_LEVEL = "-Onone";
			};
			name = Debug;
		};
		E07C7FC928AB8DF5004CB3AA /* Release */ = {
			isa = XCBuildConfiguration;
			buildSettings = {
				ALWAYS_SEARCH_USER_PATHS = NO;
				CLANG_ANALYZER_NONNULL = YES;
				CLANG_ANALYZER_NUMBER_OBJECT_CONVERSION = YES_AGGRESSIVE;
				CLANG_CXX_LANGUAGE_STANDARD = "gnu++17";
				CLANG_ENABLE_MODULES = YES;
				CLANG_ENABLE_OBJC_ARC = YES;
				CLANG_ENABLE_OBJC_WEAK = YES;
				CLANG_WARN_BLOCK_CAPTURE_AUTORELEASING = YES;
				CLANG_WARN_BOOL_CONVERSION = YES;
				CLANG_WARN_COMMA = YES;
				CLANG_WARN_CONSTANT_CONVERSION = YES;
				CLANG_WARN_DEPRECATED_OBJC_IMPLEMENTATIONS = YES;
				CLANG_WARN_DIRECT_OBJC_ISA_USAGE = YES_ERROR;
				CLANG_WARN_DOCUMENTATION_COMMENTS = YES;
				CLANG_WARN_EMPTY_BODY = YES;
				CLANG_WARN_ENUM_CONVERSION = YES;
				CLANG_WARN_INFINITE_RECURSION = YES;
				CLANG_WARN_INT_CONVERSION = YES;
				CLANG_WARN_NON_LITERAL_NULL_CONVERSION = YES;
				CLANG_WARN_OBJC_IMPLICIT_RETAIN_SELF = YES;
				CLANG_WARN_OBJC_LITERAL_CONVERSION = YES;
				CLANG_WARN_OBJC_ROOT_CLASS = YES_ERROR;
				CLANG_WARN_QUOTED_INCLUDE_IN_FRAMEWORK_HEADER = YES;
				CLANG_WARN_RANGE_LOOP_ANALYSIS = YES;
				CLANG_WARN_STRICT_PROTOTYPES = YES;
				CLANG_WARN_SUSPICIOUS_MOVE = YES;
				CLANG_WARN_UNGUARDED_AVAILABILITY = YES_AGGRESSIVE;
				CLANG_WARN_UNREACHABLE_CODE = YES;
				CLANG_WARN__DUPLICATE_METHOD_MATCH = YES;
				COPY_PHASE_STRIP = NO;
				DEBUG_INFORMATION_FORMAT = "dwarf-with-dsym";
				ENABLE_NS_ASSERTIONS = NO;
				ENABLE_STRICT_OBJC_MSGSEND = YES;
				GCC_C_LANGUAGE_STANDARD = gnu11;
				GCC_NO_COMMON_BLOCKS = YES;
				GCC_WARN_64_TO_32_BIT_CONVERSION = YES;
				GCC_WARN_ABOUT_RETURN_TYPE = YES_ERROR;
				GCC_WARN_UNDECLARED_SELECTOR = YES;
				GCC_WARN_UNINITIALIZED_AUTOS = YES_AGGRESSIVE;
				GCC_WARN_UNUSED_FUNCTION = YES;
				GCC_WARN_UNUSED_VARIABLE = YES;
				IPHONEOS_DEPLOYMENT_TARGET = 15.5;
				MTL_ENABLE_DEBUG_INFO = NO;
				MTL_FAST_MATH = YES;
				SDKROOT = iphoneos;
				SWIFT_COMPILATION_MODE = wholemodule;
				SWIFT_OPTIMIZATION_LEVEL = "-O";
				VALIDATE_PRODUCT = YES;
			};
			name = Release;
		};
		E07C7FCB28AB8DF5004CB3AA /* Debug */ = {
			isa = XCBuildConfiguration;
			buildSettings = {
				ASSETCATALOG_COMPILER_APPICON_NAME = AppIcon;
				ASSETCATALOG_COMPILER_GLOBAL_ACCENT_COLOR_NAME = AccentColor;
				CODE_SIGN_STYLE = Automatic;
				CURRENT_PROJECT_VERSION = 1;
				GENERATE_INFOPLIST_FILE = YES;
				INFOPLIST_FILE = CodeZellApp/Info.plist;
				INFOPLIST_KEY_UIApplicationSupportsIndirectInputEvents = YES;
				INFOPLIST_KEY_UILaunchStoryboardName = LaunchScreen;
				INFOPLIST_KEY_UIMainStoryboardFile = Main;
				INFOPLIST_KEY_UISupportedInterfaceOrientations_iPad = "UIInterfaceOrientationPortrait UIInterfaceOrientationPortraitUpsideDown UIInterfaceOrientationLandscapeLeft UIInterfaceOrientationLandscapeRight";
				INFOPLIST_KEY_UISupportedInterfaceOrientations_iPhone = "UIInterfaceOrientationPortrait UIInterfaceOrientationLandscapeLeft UIInterfaceOrientationLandscapeRight";
				LD_RUNPATH_SEARCH_PATHS = (
					"$(inherited)",
					"@executable_path/Frameworks",
				);
				MARKETING_VERSION = 1.0;
				PRODUCT_BUNDLE_IDENTIFIER = ahmed.CodeZellApp;
				PRODUCT_NAME = "$(TARGET_NAME)";
				SWIFT_EMIT_LOC_STRINGS = YES;
				SWIFT_VERSION = 5.0;
				TARGETED_DEVICE_FAMILY = "1,2";
			};
			name = Debug;
		};
		E07C7FCC28AB8DF5004CB3AA /* Release */ = {
			isa = XCBuildConfiguration;
			buildSettings = {
				ASSETCATALOG_COMPILER_APPICON_NAME = AppIcon;
				ASSETCATALOG_COMPILER_GLOBAL_ACCENT_COLOR_NAME = AccentColor;
				CODE_SIGN_STYLE = Automatic;
				CURRENT_PROJECT_VERSION = 1;
				GENERATE_INFOPLIST_FILE = YES;
				INFOPLIST_FILE = CodeZellApp/Info.plist;
				INFOPLIST_KEY_UIApplicationSupportsIndirectInputEvents = YES;
				INFOPLIST_KEY_UILaunchStoryboardName = LaunchScreen;
				INFOPLIST_KEY_UIMainStoryboardFile = Main;
				INFOPLIST_KEY_UISupportedInterfaceOrientations_iPad = "UIInterfaceOrientationPortrait UIInterfaceOrientationPortraitUpsideDown UIInterfaceOrientationLandscapeLeft UIInterfaceOrientationLandscapeRight";
				INFOPLIST_KEY_UISupportedInterfaceOrientations_iPhone = "UIInterfaceOrientationPortrait UIInterfaceOrientationLandscapeLeft UIInterfaceOrientationLandscapeRight";
				LD_RUNPATH_SEARCH_PATHS = (
					"$(inherited)",
					"@executable_path/Frameworks",
				);
				MARKETING_VERSION = 1.0;
				PRODUCT_BUNDLE_IDENTIFIER = ahmed.CodeZellApp;
				PRODUCT_NAME = "$(TARGET_NAME)";
				SWIFT_EMIT_LOC_STRINGS = YES;
				SWIFT_VERSION = 5.0;
				TARGETED_DEVICE_FAMILY = "1,2";
			};
			name = Release;
		};
/* End XCBuildConfiguration section */

/* Begin XCConfigurationList section */
		E07C7FAE28AB8DF3004CB3AA /* Build configuration list for PBXProject "CodeZellApp" */ = {
			isa = XCConfigurationList;
			buildConfigurations = (
				E07C7FC828AB8DF5004CB3AA /* Debug */,
				E07C7FC928AB8DF5004CB3AA /* Release */,
			);
			defaultConfigurationIsVisible = 0;
			defaultConfigurationName = Release;
		};
		E07C7FCA28AB8DF5004CB3AA /* Build configuration list for PBXNativeTarget "CodeZellApp" */ = {
			isa = XCConfigurationList;
			buildConfigurations = (
				E07C7FCB28AB8DF5004CB3AA /* Debug */,
				E07C7FCC28AB8DF5004CB3AA /* Release */,
			);
			defaultConfigurationIsVisible = 0;
			defaultConfigurationName = Release;
		};
/* End XCConfigurationList section */

/* Begin XCVersionGroup section */
		E07C7FBF28AB8DF3004CB3AA /* CodeZellApp.xcdatamodeld */ = {
			isa = XCVersionGroup;
			children = (
				E07C7FC028AB8DF3004CB3AA /* CodeZellApp.xcdatamodel */,
			);
			currentVersion = E07C7FC028AB8DF3004CB3AA /* CodeZellApp.xcdatamodel */;
			path = CodeZellApp.xcdatamodeld;
			sourceTree = "<group>";
			versionGroupType = wrapper.xcdatamodel;
		};
/* End XCVersionGroup section */
	};
	rootObject = E07C7FAB28AB8DF3004CB3AA /* Project object */;
}
